
Microsoft Visual Studio Solution File, Format Version 12.00
# Visual Studio Version 16
VisualStudioVersion = 16.0.30523.141
MinimumVisualStudioVersion = 10.0.40219.1
Project("{FAE04EC0-301F-11D3-BF4B-00C04F79EFBC}") = "Monefy", "Monefy\Monefy.csproj", "{7A1A5D71-56FB-471A-9CF5-3CCC5F079092}"
EndProject
Global
	GlobalSection(SolutionConfigurationPlatforms) = preSolution
		Debug|Any CPU = Debug|Any CPU
		Release|Any CPU = Release|Any CPU
	EndGlobalSection
	GlobalSection(ProjectConfigurationPlatforms) = postSolution
		{7A1A5D71-56FB-471A-9CF5-3CCC5F079092}.Debug|Any CPU.ActiveCfg = Debug|Any CPU
		{7A1A5D71-56FB-471A-9CF5-3CCC5F079092}.Debug|Any CPU.Build.0 = Debug|Any CPU
		{7A1A5D71-56FB-471A-9CF5-3CCC5F079092}.Release|Any CPU.ActiveCfg = Release|Any CPU
		{7A1A5D71-56FB-471A-9CF5-3CCC5F079092}.Release|Any CPU.Build.0 = Release|Any CPU
	EndGlobalSection
	GlobalSection(SolutionProperties) = preSolution
		HideSolutionNode = FALSE
	EndGlobalSection
	GlobalSection(ExtensibilityGlobals) = postSolution
		SolutionGuid = {0B1463C4-7E4E-4DB5-BDBA-7A1CDC92D242}
	EndGlobalSection
EndGlobal
